// !$*UTF8*$!
{
	archiveVersion = 1;
	classes = {
	};
	objectVersion = 77;
	objects = {

/* Begin PBXContainerItemProxy section */
		AAE444722E8E0F560058FA40 /* PBXContainerItemProxy */ = {
			isa = PBXContainerItemProxy;
			containerPortal = AAE444572E8E0F560058FA40 /* Project object */;
			proxyType = 1;
			remoteGlobalIDString = AAE4445E2E8E0F560058FA40;
			remoteInfo = "duolingo-math-browsability";
		};
		AAE4447C2E8E0F560058FA40 /* PBXContainerItemProxy */ = {
			isa = PBXContainerItemProxy;
			containerPortal = AAE444572E8E0F560058FA40 /* Project object */;
			proxyType = 1;
			remoteGlobalIDString = AAE4445E2E8E0F560058FA40;
			remoteInfo = "duolingo-math-browsability";
		};
/* End PBXContainerItemProxy section */

/* Begin PBXFileReference section */
		AAE4445F2E8E0F560058FA40 /* duolingo-math-browsability.app */ = {isa = PBXFileReference; explicitFileType = wrapper.application; includeInIndex = 0; path = "duolingo-math-browsability.app"; sourceTree = BUILT_PRODUCTS_DIR; };
		AAE444712E8E0F560058FA40 /* duolingo-math-browsabilityTests.xctest */ = {isa = PBXFileReference; explicitFileType = wrapper.cfbundle; includeInIndex = 0; path = "duolingo-math-browsabilityTests.xctest"; sourceTree = BUILT_PRODUCTS_DIR; };
		AAE4447B2E8E0F560058FA40 /* duolingo-math-browsabilityUITests.xctest */ = {isa = PBXFileReference; explicitFileType = wrapper.cfbundle; includeInIndex = 0; path = "duolingo-math-browsabilityUITests.xctest"; sourceTree = BUILT_PRODUCTS_DIR; };
/* End PBXFileReference section */

/* Begin PBXFileSystemSynchronizedRootGroup section */
		AAE444612E8E0F560058FA40 /* duolingo-math-browsability */ = {
			isa = PBXFileSystemSynchronizedRootGroup;
			path = "duolingo-math-browsability";
			sourceTree = "<group>";
		};
		AAE444742E8E0F560058FA40 /* duolingo-math-browsabilityTests */ = {
			isa = PBXFileSystemSynchronizedRootGroup;
			path = "duolingo-math-browsabilityTests";
			sourceTree = "<group>";
		};
		AAE4447E2E8E0F560058FA40 /* duolingo-math-browsabilityUITests */ = {
			isa = PBXFileSystemSynchronizedRootGroup;
			path = "duolingo-math-browsabilityUITests";
			sourceTree = "<group>";
		};
/* End PBXFileSystemSynchronizedRootGroup section */

/* Begin PBXFrameworksBuildPhase section */
		AAE4445C2E8E0F560058FA40 /* Frameworks */ = {
			isa = PBXFrameworksBuildPhase;
			buildActionMask = 2147483647;
			files = (
			);
			runOnlyForDeploymentPostprocessing = 0;
		};
		AAE4446E2E8E0F560058FA40 /* Frameworks */ = {
			isa = PBXFrameworksBuildPhase;
			buildActionMask = 2147483647;
			files = (
			);
			runOnlyForDeploymentPostprocessing = 0;
		};
		AAE444782E8E0F560058FA40 /* Frameworks */ = {
			isa = PBXFrameworksBuildPhase;
			buildActionMask = 2147483647;
			files = (
			);
			runOnlyForDeploymentPostprocessing = 0;
		};
/* End PBXFrameworksBuildPhase section */

/* Begin PBXGroup section */
		AAE444562E8E0F560058FA40 = {
			isa = PBXGroup;
			children = (
				AAE444612E8E0F560058FA40 /* duolingo-math-browsability */,
				AAE444742E8E0F560058FA40 /* duolingo-math-browsabilityTests */,
				AAE4447E2E8E0F560058FA40 /* duolingo-math-browsabilityUITests */,
				AAE444602E8E0F560058FA40 /* Products */,
			);
			sourceTree = "<group>";
		};
		AAE444602E8E0F560058FA40 /* Products */ = {
			isa = PBXGroup;
			children = (
				AAE4445F2E8E0F560058FA40 /* duolingo-math-browsability.app */,
				AAE444712E8E0F560058FA40 /* duolingo-math-browsabilityTests.xctest */,
				AAE4447B2E8E0F560058FA40 /* duolingo-math-browsabilityUITests.xctest */,
			);
			name = Products;
			sourceTree = "<group>";
		};
/* End PBXGroup section */

/* Begin PBXNativeTarget section */
		AAE4445E2E8E0F560058FA40 /* duolingo-math-browsability */ = {
			isa = PBXNativeTarget;
			buildConfigurationList = AAE444852E8E0F560058FA40 /* Build configuration list for PBXNativeTarget "duolingo-math-browsability" */;
			buildPhases = (
				AAE4445B2E8E0F560058FA40 /* Sources */,
				AAE4445C2E8E0F560058FA40 /* Frameworks */,
				AAE4445D2E8E0F560058FA40 /* Resources */,
			);
			buildRules = (
			);
			dependencies = (
			);
			fileSystemSynchronizedGroups = (
				AAE444612E8E0F560058FA40 /* duolingo-math-browsability */,
			);
			name = "duolingo-math-browsability";
			packageProductDependencies = (
			);
			productName = "duolingo-math-browsability";
			productReference = AAE4445F2E8E0F560058FA40 /* duolingo-math-browsability.app */;
			productType = "com.apple.product-type.application";
		};
		AAE444702E8E0F560058FA40 /* duolingo-math-browsabilityTests */ = {
			isa = PBXNativeTarget;
			buildConfigurationList = AAE444882E8E0F560058FA40 /* Build configuration list for PBXNativeTarget "duolingo-math-browsabilityTests" */;
			buildPhases = (
				AAE4446D2E8E0F560058FA40 /* Sources */,
				AAE4446E2E8E0F560058FA40 /* Frameworks */,
				AAE4446F2E8E0F560058FA40 /* Resources */,
			);
			buildRules = (
			);
			dependencies = (
				AAE444732E8E0F560058FA40 /* PBXTargetDependency */,
			);
			fileSystemSynchronizedGroups = (
				AAE444742E8E0F560058FA40 /* duolingo-math-browsabilityTests */,
			);
			name = "duolingo-math-browsabilityTests";
			packageProductDependencies = (
			);
			productName = "duolingo-math-browsabilityTests";
			productReference = AAE444712E8E0F560058FA40 /* duolingo-math-browsabilityTests.xctest */;
			productType = "com.apple.product-type.bundle.unit-test";
		};
		AAE4447A2E8E0F560058FA40 /* duolingo-math-browsabilityUITests */ = {
			isa = PBXNativeTarget;
			buildConfigurationList = AAE4448B2E8E0F560058FA40 /* Build configuration list for PBXNativeTarget "duolingo-math-browsabilityUITests" */;
			buildPhases = (
				AAE444772E8E0F560058FA40 /* Sources */,
				AAE444782E8E0F560058FA40 /* Frameworks */,
				AAE444792E8E0F560058FA40 /* Resources */,
			);
			buildRules = (
			);
			dependencies = (
				AAE4447D2E8E0F560058FA40 /* PBXTargetDependency */,
			);
			fileSystemSynchronizedGroups = (
				AAE4447E2E8E0F560058FA40 /* duolingo-math-browsabilityUITests */,
			);
			name = "duolingo-math-browsabilityUITests";
			packageProductDependencies = (
			);
			productName = "duolingo-math-browsabilityUITests";
			productReference = AAE4447B2E8E0F560058FA40 /* duolingo-math-browsabilityUITests.xctest */;
			productType = "com.apple.product-type.bundle.ui-testing";
		};
/* End PBXNativeTarget section */

/* Begin PBXProject section */
		AAE444572E8E0F560058FA40 /* Project object */ = {
			isa = PBXProject;
			attributes = {
				BuildIndependentTargetsInParallel = 1;
				LastSwiftUpdateCheck = 2600;
				LastUpgradeCheck = 2600;
				TargetAttributes = {
					AAE4445E2E8E0F560058FA40 = {
						CreatedOnToolsVersion = 26.0.1;
					};
					AAE444702E8E0F560058FA40 = {
						CreatedOnToolsVersion = 26.0.1;
						TestTargetID = AAE4445E2E8E0F560058FA40;
					};
					AAE4447A2E8E0F560058FA40 = {
						CreatedOnToolsVersion = 26.0.1;
						TestTargetID = AAE4445E2E8E0F560058FA40;
					};
				};
			};
			buildConfigurationList = AAE4445A2E8E0F560058FA40 /* Build configuration list for PBXProject "duolingo-math-browsability" */;
			developmentRegion = en;
			hasScannedForEncodings = 0;
			knownRegions = (
				en,
				Base,
			);
			mainGroup = AAE444562E8E0F560058FA40;
			minimizedProjectReferenceProxies = 1;
			preferredProjectObjectVersion = 77;
			productRefGroup = AAE444602E8E0F560058FA40 /* Products */;
			projectDirPath = "";
			projectRoot = "";
			targets = (
				AAE4445E2E8E0F560058FA40 /* duolingo-math-browsability */,
				AAE444702E8E0F560058FA40 /* duolingo-math-browsabilityTests */,
				AAE4447A2E8E0F560058FA40 /* duolingo-math-browsabilityUITests */,
			);
		};
/* End PBXProject section */

/* Begin PBXResourcesBuildPhase section */
		AAE4445D2E8E0F560058FA40 /* Resources */ = {
			isa = PBXResourcesBuildPhase;
			buildActionMask = 2147483647;
			files = (
			);
			runOnlyForDeploymentPostprocessing = 0;
		};
		AAE4446F2E8E0F560058FA40 /* Resources */ = {
			isa = PBXResourcesBuildPhase;
			buildActionMask = 2147483647;
			files = (
			);
			runOnlyForDeploymentPostprocessing = 0;
		};
		AAE444792E8E0F560058FA40 /* Resources */ = {
			isa = PBXResourcesBuildPhase;
			buildActionMask = 2147483647;
			files = (
			);
			runOnlyForDeploymentPostprocessing = 0;
		};
/* End PBXResourcesBuildPhase section */

/* Begin PBXSourcesBuildPhase section */
		AAE4445B2E8E0F560058FA40 /* Sources */ = {
			isa = PBXSourcesBuildPhase;
			buildActionMask = 2147483647;
			files = (
			);
			runOnlyForDeploymentPostprocessing = 0;
		};
		AAE4446D2E8E0F560058FA40 /* Sources */ = {
			isa = PBXSourcesBuildPhase;
			buildActionMask = 2147483647;
			files = (
			);
			runOnlyForDeploymentPostprocessing = 0;
		};
		AAE444772E8E0F560058FA40 /* Sources */ = {
			isa = PBXSourcesBuildPhase;
			buildActionMask = 2147483647;
			files = (
			);
			runOnlyForDeploymentPostprocessing = 0;
		};
/* End PBXSourcesBuildPhase section */

/* Begin PBXTargetDependency section */
		AAE444732E8E0F560058FA40 /* PBXTargetDependency */ = {
			isa = PBXTargetDependency;
			target = AAE4445E2E8E0F560058FA40 /* duolingo-math-browsability */;
			targetProxy = AAE444722E8E0F560058FA40 /* PBXContainerItemProxy */;
		};
		AAE4447D2E8E0F560058FA40 /* PBXTargetDependency */ = {
			isa = PBXTargetDependency;
			target = AAE4445E2E8E0F560058FA40 /* duolingo-math-browsability */;
			targetProxy = AAE4447C2E8E0F560058FA40 /* PBXContainerItemProxy */;
		};
/* End PBXTargetDependency section */

/* Begin XCBuildConfiguration section */
		AAE444832E8E0F560058FA40 /* Debug */ = {
			isa = XCBuildConfiguration;
			buildSettings = {
				ALWAYS_SEARCH_USER_PATHS = NO;
				ASSETCATALOG_COMPILER_GENERATE_SWIFT_ASSET_SYMBOL_EXTENSIONS = YES;
				CLANG_ANALYZER_NONNULL = YES;
				CLANG_ANALYZER_NUMBER_OBJECT_CONVERSION = YES_AGGRESSIVE;
				CLANG_CXX_LANGUAGE_STANDARD = "gnu++20";
				CLANG_ENABLE_MODULES = YES;
				CLANG_ENABLE_OBJC_ARC = YES;
				CLANG_ENABLE_OBJC_WEAK = YES;
				CLANG_WARN_BLOCK_CAPTURE_AUTORELEASING = YES;
				CLANG_WARN_BOOL_CONVERSION = YES;
				CLANG_WARN_COMMA = YES;
				CLANG_WARN_CONSTANT_CONVERSION = YES;
				CLANG_WARN_DEPRECATED_OBJC_IMPLEMENTATIONS = YES;
				CLANG_WARN_DIRECT_OBJC_ISA_USAGE = YES_ERROR;
				CLANG_WARN_DOCUMENTATION_COMMENTS = YES;
				CLANG_WARN_EMPTY_BODY = YES;
				CLANG_WARN_ENUM_CONVERSION = YES;
				CLANG_WARN_INFINITE_RECURSION = YES;
				CLANG_WARN_INT_CONVERSION = YES;
				CLANG_WARN_NON_LITERAL_NULL_CONVERSION = YES;
				CLANG_WARN_OBJC_IMPLICIT_RETAIN_SELF = YES;
				CLANG_WARN_OBJC_LITERAL_CONVERSION = YES;
				CLANG_WARN_OBJC_ROOT_CLASS = YES_ERROR;
				CLANG_WARN_QUOTED_INCLUDE_IN_FRAMEWORK_HEADER = YES;
				CLANG_WARN_RANGE_LOOP_ANALYSIS = YES;
				CLANG_WARN_STRICT_PROTOTYPES = YES;
				CLANG_WARN_SUSPICIOUS_MOVE = YES;
				CLANG_WARN_UNGUARDED_AVAILABILITY = YES_AGGRESSIVE;
				CLANG_WARN_UNREACHABLE_CODE = YES;
				CLANG_WARN__DUPLICATE_METHOD_MATCH = YES;
				COPY_PHASE_STRIP = NO;
				DEBUG_INFORMATION_FORMAT = dwarf;
				ENABLE_STRICT_OBJC_MSGSEND = YES;
				ENABLE_TESTABILITY = YES;
				ENABLE_USER_SCRIPT_SANDBOXING = YES;
				GCC_C_LANGUAGE_STANDARD = gnu17;
				GCC_DYNAMIC_NO_PIC = NO;
				GCC_NO_COMMON_BLOCKS = YES;
				GCC_OPTIMIZATION_LEVEL = 0;
				GCC_PREPROCESSOR_DEFINITIONS = (
					"DEBUG=1",
					"$(inherited)",
				);
				GCC_WARN_64_TO_32_BIT_CONVERSION = YES;
				GCC_WARN_ABOUT_RETURN_TYPE = YES_ERROR;
				GCC_WARN_UNDECLARED_SELECTOR = YES;
				GCC_WARN_UNINITIALIZED_AUTOS = YES_AGGRESSIVE;
				GCC_WARN_UNUSED_FUNCTION = YES;
				GCC_WARN_UNUSED_VARIABLE = YES;
				IPHONEOS_DEPLOYMENT_TARGET = 26.0;
				LOCALIZATION_PREFERS_STRING_CATALOGS = YES;
				MTL_ENABLE_DEBUG_INFO = INCLUDE_SOURCE;
				MTL_FAST_MATH = YES;
				ONLY_ACTIVE_ARCH = YES;
				SDKROOT = iphoneos;
				SWIFT_ACTIVE_COMPILATION_CONDITIONS = "DEBUG $(inherited)";
				SWIFT_OPTIMIZATION_LEVEL = "-Onone";
			};
			name = Debug;
		};
		AAE444842E8E0F560058FA40 /* Release */ = {
			isa = XCBuildConfiguration;
			buildSettings = {
				ALWAYS_SEARCH_USER_PATHS = NO;
				ASSETCATALOG_COMPILER_GENERATE_SWIFT_ASSET_SYMBOL_EXTENSIONS = YES;
				CLANG_ANALYZER_NONNULL = YES;
				CLANG_ANALYZER_NUMBER_OBJECT_CONVERSION = YES_AGGRESSIVE;
				CLANG_CXX_LANGUAGE_STANDARD = "gnu++20";
				CLANG_ENABLE_MODULES = YES;
				CLANG_ENABLE_OBJC_ARC = YES;
				CLANG_ENABLE_OBJC_WEAK = YES;
				CLANG_WARN_BLOCK_CAPTURE_AUTORELEASING = YES;
				CLANG_WARN_BOOL_CONVERSION = YES;
				CLANG_WARN_COMMA = YES;
				CLANG_WARN_CONSTANT_CONVERSION = YES;
				CLANG_WARN_DEPRECATED_OBJC_IMPLEMENTATIONS = YES;
				CLANG_WARN_DIRECT_OBJC_ISA_USAGE = YES_ERROR;
				CLANG_WARN_DOCUMENTATION_COMMENTS = YES;
				CLANG_WARN_EMPTY_BODY = YES;
				CLANG_WARN_ENUM_CONVERSION = YES;
				CLANG_WARN_INFINITE_RECURSION = YES;
				CLANG_WARN_INT_CONVERSION = YES;
				CLANG_WARN_NON_LITERAL_NULL_CONVERSION = YES;
				CLANG_WARN_OBJC_IMPLICIT_RETAIN_SELF = YES;
				CLANG_WARN_OBJC_LITERAL_CONVERSION = YES;
				CLANG_WARN_OBJC_ROOT_CLASS = YES_ERROR;
				CLANG_WARN_QUOTED_INCLUDE_IN_FRAMEWORK_HEADER = YES;
				CLANG_WARN_RANGE_LOOP_ANALYSIS = YES;
				CLANG_WARN_STRICT_PROTOTYPES = YES;
				CLANG_WARN_SUSPICIOUS_MOVE = YES;
				CLANG_WARN_UNGUARDED_AVAILABILITY = YES_AGGRESSIVE;
				CLANG_WARN_UNREACHABLE_CODE = YES;
				CLANG_WARN__DUPLICATE_METHOD_MATCH = YES;
				COPY_PHASE_STRIP = NO;
				DEBUG_INFORMATION_FORMAT = "dwarf-with-dsym";
				ENABLE_NS_ASSERTIONS = NO;
				ENABLE_STRICT_OBJC_MSGSEND = YES;
				ENABLE_USER_SCRIPT_SANDBOXING = YES;
				GCC_C_LANGUAGE_STANDARD = gnu17;
				GCC_NO_COMMON_BLOCKS = YES;
				GCC_WARN_64_TO_32_BIT_CONVERSION = YES;
				GCC_WARN_ABOUT_RETURN_TYPE = YES_ERROR;
				GCC_WARN_UNDECLARED_SELECTOR = YES;
				GCC_WARN_UNINITIALIZED_AUTOS = YES_AGGRESSIVE;
				GCC_WARN_UNUSED_FUNCTION = YES;
				GCC_WARN_UNUSED_VARIABLE = YES;
				IPHONEOS_DEPLOYMENT_TARGET = 26.0;
				LOCALIZATION_PREFERS_STRING_CATALOGS = YES;
				MTL_ENABLE_DEBUG_INFO = NO;
				MTL_FAST_MATH = YES;
				SDKROOT = iphoneos;
				SWIFT_COMPILATION_MODE = wholemodule;
				VALIDATE_PRODUCT = YES;
			};
			name = Release;
		};
		AAE444862E8E0F560058FA40 /* Debug */ = {
			isa = XCBuildConfiguration;
			buildSettings = {
				ASSETCATALOG_COMPILER_APPICON_NAME = AppIcon;
				ASSETCATALOG_COMPILER_GLOBAL_ACCENT_COLOR_NAME = AccentColor;
				CODE_SIGN_STYLE = Automatic;
				CURRENT_PROJECT_VERSION = 1;
				ENABLE_PREVIEWS = YES;
				GENERATE_INFOPLIST_FILE = YES;
				INFOPLIST_KEY_UIApplicationSceneManifest_Generation = YES;
				INFOPLIST_KEY_UIApplicationSupportsIndirectInputEvents = YES;
				INFOPLIST_KEY_UILaunchScreen_Generation = YES;
				INFOPLIST_KEY_UISupportedInterfaceOrientations_iPad = "UIInterfaceOrientationPortrait UIInterfaceOrientationPortraitUpsideDown UIInterfaceOrientationLandscapeLeft UIInterfaceOrientationLandscapeRight";
				INFOPLIST_KEY_UISupportedInterfaceOrientations_iPhone = "UIInterfaceOrientationPortrait UIInterfaceOrientationLandscapeLeft UIInterfaceOrientationLandscapeRight";
				LD_RUNPATH_SEARCH_PATHS = (
					"$(inherited)",
					"@executable_path/Frameworks",
				);
				MARKETING_VERSION = 1.0;
				PRODUCT_BUNDLE_IDENTIFIER = "dev.drocarmo.duolingo-math-browsability";
				PRODUCT_NAME = "$(TARGET_NAME)";
				STRING_CATALOG_GENERATE_SYMBOLS = YES;
				SWIFT_APPROACHABLE_CONCURRENCY = YES;
				SWIFT_DEFAULT_ACTOR_ISOLATION = MainActor;
				SWIFT_EMIT_LOC_STRINGS = YES;
				SWIFT_UPCOMING_FEATURE_MEMBER_IMPORT_VISIBILITY = YES;
				SWIFT_VERSION = 5.0;
				TARGETED_DEVICE_FAMILY = "1,2";
			};
			name = Debug;
		};
		AAE444872E8E0F560058FA40 /* Release */ = {
			isa = XCBuildConfiguration;
			buildSettings = {
				ASSETCATALOG_COMPILER_APPICON_NAME = AppIcon;
				ASSETCATALOG_COMPILER_GLOBAL_ACCENT_COLOR_NAME = AccentColor;
				CODE_SIGN_STYLE = Automatic;
				CURRENT_PROJECT_VERSION = 1;
				ENABLE_PREVIEWS = YES;
				GENERATE_INFOPLIST_FILE = YES;
				INFOPLIST_KEY_UIApplicationSceneManifest_Generation = YES;
				INFOPLIST_KEY_UIApplicationSupportsIndirectInputEvents = YES;
				INFOPLIST_KEY_UILaunchScreen_Generation = YES;
				INFOPLIST_KEY_UISupportedInterfaceOrientations_iPad = "UIInterfaceOrientationPortrait UIInterfaceOrientationPortraitUpsideDown UIInterfaceOrientationLandscapeLeft UIInterfaceOrientationLandscapeRight";
				INFOPLIST_KEY_UISupportedInterfaceOrientations_iPhone = "UIInterfaceOrientationPortrait UIInterfaceOrientationLandscapeLeft UIInterfaceOrientationLandscapeRight";
				LD_RUNPATH_SEARCH_PATHS = (
					"$(inherited)",
					"@executable_path/Frameworks",
				);
				MARKETING_VERSION = 1.0;
				PRODUCT_BUNDLE_IDENTIFIER = "dev.drocarmo.duolingo-math-browsability";
				PRODUCT_NAME = "$(TARGET_NAME)";
				STRING_CATALOG_GENERATE_SYMBOLS = YES;
				SWIFT_APPROACHABLE_CONCURRENCY = YES;
				SWIFT_DEFAULT_ACTOR_ISOLATION = MainActor;
				SWIFT_EMIT_LOC_STRINGS = YES;
				SWIFT_UPCOMING_FEATURE_MEMBER_IMPORT_VISIBILITY = YES;
				SWIFT_VERSION = 5.0;
				TARGETED_DEVICE_FAMILY = "1,2";
			};
			name = Release;
		};
		AAE444892E8E0F560058FA40 /* Debug */ = {
			isa = XCBuildConfiguration;
			buildSettings = {
				BUNDLE_LOADER = "$(TEST_HOST)";
				CODE_SIGN_STYLE = Automatic;
				CURRENT_PROJECT_VERSION = 1;
				GENERATE_INFOPLIST_FILE = YES;
				IPHONEOS_DEPLOYMENT_TARGET = 26.0;
				MARKETING_VERSION = 1.0;
				PRODUCT_BUNDLE_IDENTIFIER = "dev.drocarmo.duolingo-math-browsabilityTests";
				PRODUCT_NAME = "$(TARGET_NAME)";
				STRING_CATALOG_GENERATE_SYMBOLS = NO;
				SWIFT_APPROACHABLE_CONCURRENCY = YES;
				SWIFT_EMIT_LOC_STRINGS = NO;
				SWIFT_UPCOMING_FEATURE_MEMBER_IMPORT_VISIBILITY = YES;
				SWIFT_VERSION = 5.0;
				TARGETED_DEVICE_FAMILY = "1,2";
				TEST_HOST = "$(BUILT_PRODUCTS_DIR)/duolingo-math-browsability.app/$(BUNDLE_EXECUTABLE_FOLDER_PATH)/duolingo-math-browsability";
			};
			name = Debug;
		};
		AAE4448A2E8E0F560058FA40 /* Release */ = {
			isa = XCBuildConfiguration;
			buildSettings = {
				BUNDLE_LOADER = "$(TEST_HOST)";
				CODE_SIGN_STYLE = Automatic;
				CURRENT_PROJECT_VERSION = 1;
				GENERATE_INFOPLIST_FILE = YES;
				IPHONEOS_DEPLOYMENT_TARGET = 26.0;
				MARKETING_VERSION = 1.0;
				PRODUCT_BUNDLE_IDENTIFIER = "dev.drocarmo.duolingo-math-browsabilityTests";
				PRODUCT_NAME = "$(TARGET_NAME)";
				STRING_CATALOG_GENERATE_SYMBOLS = NO;
				SWIFT_APPROACHABLE_CONCURRENCY = YES;
				SWIFT_EMIT_LOC_STRINGS = NO;
				SWIFT_UPCOMING_FEATURE_MEMBER_IMPORT_VISIBILITY = YES;
				SWIFT_VERSION = 5.0;
				TARGETED_DEVICE_FAMILY = "1,2";
				TEST_HOST = "$(BUILT_PRODUCTS_DIR)/duolingo-math-browsability.app/$(BUNDLE_EXECUTABLE_FOLDER_PATH)/duolingo-math-browsability";
			};
			name = Release;
		};
		AAE4448C2E8E0F560058FA40 /* Debug */ = {
			isa = XCBuildConfiguration;
			buildSettings = {
				CODE_SIGN_STYLE = Automatic;
				CURRENT_PROJECT_VERSION = 1;
				GENERATE_INFOPLIST_FILE = YES;
				MARKETING_VERSION = 1.0;
				PRODUCT_BUNDLE_IDENTIFIER = "dev.drocarmo.duolingo-math-browsabilityUITests";
				PRODUCT_NAME = "$(TARGET_NAME)";
				STRING_CATALOG_GENERATE_SYMBOLS = NO;
				SWIFT_APPROACHABLE_CONCURRENCY = YES;
				SWIFT_EMIT_LOC_STRINGS = NO;
				SWIFT_UPCOMING_FEATURE_MEMBER_IMPORT_VISIBILITY = YES;
				SWIFT_VERSION = 5.0;
				TARGETED_DEVICE_FAMILY = "1,2";
				TEST_TARGET_NAME = "duolingo-math-browsability";
			};
			name = Debug;
		};
		AAE4448D2E8E0F560058FA40 /* Release */ = {
			isa = XCBuildConfiguration;
			buildSettings = {
				CODE_SIGN_STYLE = Automatic;
				CURRENT_PROJECT_VERSION = 1;
				GENERATE_INFOPLIST_FILE = YES;
				MARKETING_VERSION = 1.0;
				PRODUCT_BUNDLE_IDENTIFIER = "dev.drocarmo.duolingo-math-browsabilityUITests";
				PRODUCT_NAME = "$(TARGET_NAME)";
				STRING_CATALOG_GENERATE_SYMBOLS = NO;
				SWIFT_APPROACHABLE_CONCURRENCY = YES;
				SWIFT_EMIT_LOC_STRINGS = NO;
				SWIFT_UPCOMING_FEATURE_MEMBER_IMPORT_VISIBILITY = YES;
				SWIFT_VERSION = 5.0;
				TARGETED_DEVICE_FAMILY = "1,2";
				TEST_TARGET_NAME = "duolingo-math-browsability";
			};
			name = Release;
		};
/* End XCBuildConfiguration section */

/* Begin XCConfigurationList section */
		AAE4445A2E8E0F560058FA40 /* Build configuration list for PBXProject "duolingo-math-browsability" */ = {
			isa = XCConfigurationList;
			buildConfigurations = (
				AAE444832E8E0F560058FA40 /* Debug */,
				AAE444842E8E0F560058FA40 /* Release */,
			);
			defaultConfigurationIsVisible = 0;
			defaultConfigurationName = Release;
		};
		AAE444852E8E0F560058FA40 /* Build configuration list for PBXNativeTarget "duolingo-math-browsability" */ = {
			isa = XCConfigurationList;
			buildConfigurations = (
				AAE444862E8E0F560058FA40 /* Debug */,
				AAE444872E8E0F560058FA40 /* Release */,
			);
			defaultConfigurationIsVisible = 0;
			defaultConfigurationName = Release;
		};
		AAE444882E8E0F560058FA40 /* Build configuration list for PBXNativeTarget "duolingo-math-browsabilityTests" */ = {
			isa = XCConfigurationList;
			buildConfigurations = (
				AAE444892E8E0F560058FA40 /* Debug */,
				AAE4448A2E8E0F560058FA40 /* Release */,
			);
			defaultConfigurationIsVisible = 0;
			defaultConfigurationName = Release;
		};
		AAE4448B2E8E0F560058FA40 /* Build configuration list for PBXNativeTarget "duolingo-math-browsabilityUITests" */ = {
			isa = XCConfigurationList;
			buildConfigurations = (
				AAE4448C2E8E0F560058FA40 /* Debug */,
				AAE4448D2E8E0F560058FA40 /* Release */,
			);
			defaultConfigurationIsVisible = 0;
			defaultConfigurationName = Release;
		};
/* End XCConfigurationList section */
	};
	rootObject = AAE444572E8E0F560058FA40 /* Project object */;
}
